// !$*UTF8*$!
{
	archiveVersion = 1;
	classes = {
	};
	objectVersion = 50;
	objects = {

/* Begin PBXBuildFile section */
		E416E555238A89A1009A33C8 /* AppDelegate.swift in Sources */ = {isa = PBXBuildFile; fileRef = E416E554238A89A1009A33C8 /* AppDelegate.swift */; };
		E416E557238A89A1009A33C8 /* ViewController.swift in Sources */ = {isa = PBXBuildFile; fileRef = E416E556238A89A1009A33C8 /* ViewController.swift */; };
		E416E55C238A89A4009A33C8 /* Assets.xcassets in Resources */ = {isa = PBXBuildFile; fileRef = E416E55B238A89A4009A33C8 /* Assets.xcassets */; };
		E416E55F238A89A4009A33C8 /* LaunchScreen.storyboard in Resources */ = {isa = PBXBuildFile; fileRef = E416E55D238A89A4009A33C8 /* LaunchScreen.storyboard */; };
		E416E567238A8D6F009A33C8 /* API.swift in Sources */ = {isa = PBXBuildFile; fileRef = E416E566238A8D6F009A33C8 /* API.swift */; };
		E416E569238A8E25009A33C8 /* ImageModel.swift in Sources */ = {isa = PBXBuildFile; fileRef = E416E568238A8E25009A33C8 /* ImageModel.swift */; };
		E416E56B238A8E49009A33C8 /* Interactor.swift in Sources */ = {isa = PBXBuildFile; fileRef = E416E56A238A8E49009A33C8 /* Interactor.swift */; };
		E416E56D238A8E9E009A33C8 /* NetworkService.swift in Sources */ = {isa = PBXBuildFile; fileRef = E416E56C238A8E9E009A33C8 /* NetworkService.swift */; };
		E416E56F238A9015009A33C8 /* SessionFactory.swift in Sources */ = {isa = PBXBuildFile; fileRef = E416E56E238A9015009A33C8 /* SessionFactory.swift */; };
		E416E571238A92D2009A33C8 /* MOImageModel.swift in Sources */ = {isa = PBXBuildFile; fileRef = E416E570238A92D2009A33C8 /* MOImageModel.swift */; };
		E416E573238A93DC009A33C8 /* CoreDataStack.swift in Sources */ = {isa = PBXBuildFile; fileRef = E416E572238A93DC009A33C8 /* CoreDataStack.swift */; };
		E416E576238A93EB009A33C8 /* Model.xcdatamodeld in Sources */ = {isa = PBXBuildFile; fileRef = E416E574238A93EB009A33C8 /* Model.xcdatamodeld */; };
		E416E57B238AA324009A33C8 /* ImageViewController.swift in Sources */ = {isa = PBXBuildFile; fileRef = E416E57A238AA324009A33C8 /* ImageViewController.swift */; };
/* End PBXBuildFile section */

/* Begin PBXFileReference section */
		E416E551238A89A1009A33C8 /* CoreDataHomeWork.app */ = {isa = PBXFileReference; explicitFileType = wrapper.application; includeInIndex = 0; path = CoreDataHomeWork.app; sourceTree = BUILT_PRODUCTS_DIR; };
		E416E554238A89A1009A33C8 /* AppDelegate.swift */ = {isa = PBXFileReference; lastKnownFileType = sourcecode.swift; path = AppDelegate.swift; sourceTree = "<group>"; };
		E416E556238A89A1009A33C8 /* ViewController.swift */ = {isa = PBXFileReference; lastKnownFileType = sourcecode.swift; path = ViewController.swift; sourceTree = "<group>"; };
		E416E55B238A89A4009A33C8 /* Assets.xcassets */ = {isa = PBXFileReference; lastKnownFileType = folder.assetcatalog; path = Assets.xcassets; sourceTree = "<group>"; };
		E416E55E238A89A4009A33C8 /* Base */ = {isa = PBXFileReference; lastKnownFileType = file.storyboard; name = Base; path = Base.lproj/LaunchScreen.storyboard; sourceTree = "<group>"; };
		E416E560238A89A4009A33C8 /* Info.plist */ = {isa = PBXFileReference; lastKnownFileType = text.plist.xml; path = Info.plist; sourceTree = "<group>"; };
		E416E566238A8D6F009A33C8 /* API.swift */ = {isa = PBXFileReference; lastKnownFileType = sourcecode.swift; path = API.swift; sourceTree = "<group>"; };
		E416E568238A8E25009A33C8 /* ImageModel.swift */ = {isa = PBXFileReference; lastKnownFileType = sourcecode.swift; path = ImageModel.swift; sourceTree = "<group>"; };
		E416E56A238A8E49009A33C8 /* Interactor.swift */ = {isa = PBXFileReference; lastKnownFileType = sourcecode.swift; path = Interactor.swift; sourceTree = "<group>"; };
		E416E56C238A8E9E009A33C8 /* NetworkService.swift */ = {isa = PBXFileReference; lastKnownFileType = sourcecode.swift; path = NetworkService.swift; sourceTree = "<group>"; };
		E416E56E238A9015009A33C8 /* SessionFactory.swift */ = {isa = PBXFileReference; lastKnownFileType = sourcecode.swift; path = SessionFactory.swift; sourceTree = "<group>"; };
		E416E570238A92D2009A33C8 /* MOImageModel.swift */ = {isa = PBXFileReference; lastKnownFileType = sourcecode.swift; path = MOImageModel.swift; sourceTree = "<group>"; };
		E416E572238A93DC009A33C8 /* CoreDataStack.swift */ = {isa = PBXFileReference; lastKnownFileType = sourcecode.swift; path = CoreDataStack.swift; sourceTree = "<group>"; };
		E416E575238A93EB009A33C8 /* Model.xcdatamodel */ = {isa = PBXFileReference; lastKnownFileType = wrapper.xcdatamodel; path = Model.xcdatamodel; sourceTree = "<group>"; };
		E416E57A238AA324009A33C8 /* ImageViewController.swift */ = {isa = PBXFileReference; lastKnownFileType = sourcecode.swift; path = ImageViewController.swift; sourceTree = "<group>"; };
/* End PBXFileReference section */

/* Begin PBXFrameworksBuildPhase section */
		E416E54E238A89A1009A33C8 /* Frameworks */ = {
			isa = PBXFrameworksBuildPhase;
			buildActionMask = 2147483647;
			files = (
			);
			runOnlyForDeploymentPostprocessing = 0;
		};
/* End PBXFrameworksBuildPhase section */

/* Begin PBXGroup section */
		E416E548238A89A1009A33C8 = {
			isa = PBXGroup;
			children = (
				E416E553238A89A1009A33C8 /* CoreDataHomeWork */,
				E416E552238A89A1009A33C8 /* Products */,
			);
			sourceTree = "<group>";
		};
		E416E552238A89A1009A33C8 /* Products */ = {
			isa = PBXGroup;
			children = (
				E416E551238A89A1009A33C8 /* CoreDataHomeWork.app */,
			);
			name = Products;
			sourceTree = "<group>";
		};
		E416E553238A89A1009A33C8 /* CoreDataHomeWork */ = {
			isa = PBXGroup;
			children = (
				E416E579238AA300009A33C8 /* Module */,
				E416E578238AA2EB009A33C8 /* Network */,
				E416E577238AA2D4009A33C8 /* CoreData */,
				E416E554238A89A1009A33C8 /* AppDelegate.swift */,
				E416E55B238A89A4009A33C8 /* Assets.xcassets */,
				E416E55D238A89A4009A33C8 /* LaunchScreen.storyboard */,
				E416E560238A89A4009A33C8 /* Info.plist */,
				E416E574238A93EB009A33C8 /* Model.xcdatamodeld */,
			);
			path = CoreDataHomeWork;
			sourceTree = "<group>";
		};
		E416E577238AA2D4009A33C8 /* CoreData */ = {
			isa = PBXGroup;
			children = (
				E416E572238A93DC009A33C8 /* CoreDataStack.swift */,
				E416E570238A92D2009A33C8 /* MOImageModel.swift */,
			);
			name = CoreData;
			sourceTree = "<group>";
		};
		E416E578238AA2EB009A33C8 /* Network */ = {
			isa = PBXGroup;
			children = (
				E416E56C238A8E9E009A33C8 /* NetworkService.swift */,
				E416E56E238A9015009A33C8 /* SessionFactory.swift */,
				E416E566238A8D6F009A33C8 /* API.swift */,
			);
			path = Network;
			sourceTree = "<group>";
		};
		E416E579238AA300009A33C8 /* Module */ = {
			isa = PBXGroup;
			children = (
				E416E56A238A8E49009A33C8 /* Interactor.swift */,
				E416E556238A89A1009A33C8 /* ViewController.swift */,
				E416E568238A8E25009A33C8 /* ImageModel.swift */,
				E416E57A238AA324009A33C8 /* ImageViewController.swift */,
			);
			name = Module;
			sourceTree = "<group>";
		};
/* End PBXGroup section */

/* Begin PBXNativeTarget section */
		E416E550238A89A1009A33C8 /* CoreDataHomeWork */ = {
			isa = PBXNativeTarget;
			buildConfigurationList = E416E563238A89A4009A33C8 /* Build configuration list for PBXNativeTarget "CoreDataHomeWork" */;
			buildPhases = (
				E416E54D238A89A1009A33C8 /* Sources */,
				E416E54E238A89A1009A33C8 /* Frameworks */,
				E416E54F238A89A1009A33C8 /* Resources */,
			);
			buildRules = (
			);
			dependencies = (
			);
			name = CoreDataHomeWork;
			productName = CoreDataHomeWork;
			productReference = E416E551238A89A1009A33C8 /* CoreDataHomeWork.app */;
			productType = "com.apple.product-type.application";
		};
/* End PBXNativeTarget section */

/* Begin PBXProject section */
		E416E549238A89A1009A33C8 /* Project object */ = {
			isa = PBXProject;
			attributes = {
				LastSwiftUpdateCheck = 1030;
				LastUpgradeCheck = 1030;
				ORGANIZATIONNAME = "Emil Shalaumov";
				TargetAttributes = {
					E416E550238A89A1009A33C8 = {
						CreatedOnToolsVersion = 10.3;
					};
				};
			};
			buildConfigurationList = E416E54C238A89A1009A33C8 /* Build configuration list for PBXProject "CoreDataHomeWork" */;
			compatibilityVersion = "Xcode 9.3";
			developmentRegion = en;
			hasScannedForEncodings = 0;
			knownRegions = (
				en,
				Base,
			);
			mainGroup = E416E548238A89A1009A33C8;
			productRefGroup = E416E552238A89A1009A33C8 /* Products */;
			projectDirPath = "";
			projectRoot = "";
			targets = (
				E416E550238A89A1009A33C8 /* CoreDataHomeWork */,
			);
		};
/* End PBXProject section */

/* Begin PBXResourcesBuildPhase section */
		E416E54F238A89A1009A33C8 /* Resources */ = {
			isa = PBXResourcesBuildPhase;
			buildActionMask = 2147483647;
			files = (
				E416E55F238A89A4009A33C8 /* LaunchScreen.storyboard in Resources */,
				E416E55C238A89A4009A33C8 /* Assets.xcassets in Resources */,
			);
			runOnlyForDeploymentPostprocessing = 0;
		};
/* End PBXResourcesBuildPhase section */

/* Begin PBXSourcesBuildPhase section */
		E416E54D238A89A1009A33C8 /* Sources */ = {
			isa = PBXSourcesBuildPhase;
			buildActionMask = 2147483647;
			files = (
				E416E557238A89A1009A33C8 /* ViewController.swift in Sources */,
				E416E567238A8D6F009A33C8 /* API.swift in Sources */,
				E416E56B238A8E49009A33C8 /* Interactor.swift in Sources */,
				E416E573238A93DC009A33C8 /* CoreDataStack.swift in Sources */,
				E416E555238A89A1009A33C8 /* AppDelegate.swift in Sources */,
				E416E56D238A8E9E009A33C8 /* NetworkService.swift in Sources */,
				E416E571238A92D2009A33C8 /* MOImageModel.swift in Sources */,
				E416E576238A93EB009A33C8 /* Model.xcdatamodeld in Sources */,
				E416E56F238A9015009A33C8 /* SessionFactory.swift in Sources */,
				E416E57B238AA324009A33C8 /* ImageViewController.swift in Sources */,
				E416E569238A8E25009A33C8 /* ImageModel.swift in Sources */,
			);
			runOnlyForDeploymentPostprocessing = 0;
		};
/* End PBXSourcesBuildPhase section */

/* Begin PBXVariantGroup section */
		E416E55D238A89A4009A33C8 /* LaunchScreen.storyboard */ = {
			isa = PBXVariantGroup;
			children = (
				E416E55E238A89A4009A33C8 /* Base */,
			);
			name = LaunchScreen.storyboard;
			sourceTree = "<group>";
		};
/* End PBXVariantGroup section */

/* Begin XCBuildConfiguration section */
		E416E561238A89A4009A33C8 /* Debug */ = {
			isa = XCBuildConfiguration;
			buildSettings = {
				ALWAYS_SEARCH_USER_PATHS = NO;
				CLANG_ANALYZER_NONNULL = YES;
				CLANG_ANALYZER_NUMBER_OBJECT_CONVERSION = YES_AGGRESSIVE;
				CLANG_CXX_LANGUAGE_STANDARD = "gnu++14";
				CLANG_CXX_LIBRARY = "libc++";
				CLANG_ENABLE_MODULES = YES;
				CLANG_ENABLE_OBJC_ARC = YES;
				CLANG_ENABLE_OBJC_WEAK = YES;
				CLANG_WARN_BLOCK_CAPTURE_AUTORELEASING = YES;
				CLANG_WARN_BOOL_CONVERSION = YES;
				CLANG_WARN_COMMA = YES;
				CLANG_WARN_CONSTANT_CONVERSION = YES;
				CLANG_WARN_DEPRECATED_OBJC_IMPLEMENTATIONS = YES;
				CLANG_WARN_DIRECT_OBJC_ISA_USAGE = YES_ERROR;
				CLANG_WARN_DOCUMENTATION_COMMENTS = YES;
				CLANG_WARN_EMPTY_BODY = YES;
				CLANG_WARN_ENUM_CONVERSION = YES;
				CLANG_WARN_INFINITE_RECURSION = YES;
				CLANG_WARN_INT_CONVERSION = YES;
				CLANG_WARN_NON_LITERAL_NULL_CONVERSION = YES;
				CLANG_WARN_OBJC_IMPLICIT_RETAIN_SELF = YES;
				CLANG_WARN_OBJC_LITERAL_CONVERSION = YES;
				CLANG_WARN_OBJC_ROOT_CLASS = YES_ERROR;
				CLANG_WARN_RANGE_LOOP_ANALYSIS = YES;
				CLANG_WARN_STRICT_PROTOTYPES = YES;
				CLANG_WARN_SUSPICIOUS_MOVE = YES;
				CLANG_WARN_UNGUARDED_AVAILABILITY = YES_AGGRESSIVE;
				CLANG_WARN_UNREACHABLE_CODE = YES;
				CLANG_WARN__DUPLICATE_METHOD_MATCH = YES;
				CODE_SIGN_IDENTITY = "iPhone Developer";
				COPY_PHASE_STRIP = NO;
				DEBUG_INFORMATION_FORMAT = dwarf;
				ENABLE_STRICT_OBJC_MSGSEND = YES;
				ENABLE_TESTABILITY = YES;
				GCC_C_LANGUAGE_STANDARD = gnu11;
				GCC_DYNAMIC_NO_PIC = NO;
				GCC_NO_COMMON_BLOCKS = YES;
				GCC_OPTIMIZATION_LEVEL = 0;
				GCC_PREPROCESSOR_DEFINITIONS = (
					"DEBUG=1",
					"$(inherited)",
				);
				GCC_WARN_64_TO_32_BIT_CONVERSION = YES;
				GCC_WARN_ABOUT_RETURN_TYPE = YES_ERROR;
				GCC_WARN_UNDECLARED_SELECTOR = YES;
				GCC_WARN_UNINITIALIZED_AUTOS = YES_AGGRESSIVE;
				GCC_WARN_UNUSED_FUNCTION = YES;
				GCC_WARN_UNUSED_VARIABLE = YES;
				IPHONEOS_DEPLOYMENT_TARGET = 12.4;
				MTL_ENABLE_DEBUG_INFO = INCLUDE_SOURCE;
				MTL_FAST_MATH = YES;
				ONLY_ACTIVE_ARCH = YES;
				SDKROOT = iphoneos;
				SWIFT_ACTIVE_COMPILATION_CONDITIONS = DEBUG;
				SWIFT_OPTIMIZATION_LEVEL = "-Onone";
			};
			name = Debug;
		};
		E416E562238A89A4009A33C8 /* Release */ = {
			isa = XCBuildConfiguration;
			buildSettings = {
				ALWAYS_SEARCH_USER_PATHS = NO;
				CLANG_ANALYZER_NONNULL = YES;
				CLANG_ANALYZER_NUMBER_OBJECT_CONVERSION = YES_AGGRESSIVE;
				CLANG_CXX_LANGUAGE_STANDARD = "gnu++14";
				CLANG_CXX_LIBRARY = "libc++";
				CLANG_ENABLE_MODULES = YES;
				CLANG_ENABLE_OBJC_ARC = YES;
				CLANG_ENABLE_OBJC_WEAK = YES;
				CLANG_WARN_BLOCK_CAPTURE_AUTORELEASING = YES;
				CLANG_WARN_BOOL_CONVERSION = YES;
				CLANG_WARN_COMMA = YES;
				CLANG_WARN_CONSTANT_CONVERSION = YES;
				CLANG_WARN_DEPRECATED_OBJC_IMPLEMENTATIONS = YES;
				CLANG_WARN_DIRECT_OBJC_ISA_USAGE = YES_ERROR;
				CLANG_WARN_DOCUMENTATION_COMMENTS = YES;
				CLANG_WARN_EMPTY_BODY = YES;
				CLANG_WARN_ENUM_CONVERSION = YES;
				CLANG_WARN_INFINITE_RECURSION = YES;
				CLANG_WARN_INT_CONVERSION = YES;
				CLANG_WARN_NON_LITERAL_NULL_CONVERSION = YES;
				CLANG_WARN_OBJC_IMPLICIT_RETAIN_SELF = YES;
				CLANG_WARN_OBJC_LITERAL_CONVERSION = YES;
				CLANG_WARN_OBJC_ROOT_CLASS = YES_ERROR;
				CLANG_WARN_RANGE_LOOP_ANALYSIS = YES;
				CLANG_WARN_STRICT_PROTOTYPES = YES;
				CLANG_WARN_SUSPICIOUS_MOVE = YES;
				CLANG_WARN_UNGUARDED_AVAILABILITY = YES_AGGRESSIVE;
				CLANG_WARN_UNREACHABLE_CODE = YES;
				CLANG_WARN__DUPLICATE_METHOD_MATCH = YES;
				CODE_SIGN_IDENTITY = "iPhone Developer";
				COPY_PHASE_STRIP = NO;
				DEBUG_INFORMATION_FORMAT = "dwarf-with-dsym";
				ENABLE_NS_ASSERTIONS = NO;
				ENABLE_STRICT_OBJC_MSGSEND = YES;
				GCC_C_LANGUAGE_STANDARD = gnu11;
				GCC_NO_COMMON_BLOCKS = YES;
				GCC_WARN_64_TO_32_BIT_CONVERSION = YES;
				GCC_WARN_ABOUT_RETURN_TYPE = YES_ERROR;
				GCC_WARN_UNDECLARED_SELECTOR = YES;
				GCC_WARN_UNINITIALIZED_AUTOS = YES_AGGRESSIVE;
				GCC_WARN_UNUSED_FUNCTION = YES;
				GCC_WARN_UNUSED_VARIABLE = YES;
				IPHONEOS_DEPLOYMENT_TARGET = 12.4;
				MTL_ENABLE_DEBUG_INFO = NO;
				MTL_FAST_MATH = YES;
				SDKROOT = iphoneos;
				SWIFT_COMPILATION_MODE = wholemodule;
				SWIFT_OPTIMIZATION_LEVEL = "-O";
				VALIDATE_PRODUCT = YES;
			};
			name = Release;
		};
		E416E564238A89A4009A33C8 /* Debug */ = {
			isa = XCBuildConfiguration;
			buildSettings = {
				ASSETCATALOG_COMPILER_APPICON_NAME = AppIcon;
				CODE_SIGN_STYLE = Automatic;
				DEVELOPMENT_TEAM = LY3CG77MY2;
				INFOPLIST_FILE = CoreDataHomeWork/Info.plist;
				LD_RUNPATH_SEARCH_PATHS = (
					"$(inherited)",
					"@executable_path/Frameworks",
				);
				PRODUCT_BUNDLE_IDENTIFIER = EShalaumov.CoreDataHomeWork;
				PRODUCT_NAME = "$(TARGET_NAME)";
				SWIFT_VERSION = 5.0;
				TARGETED_DEVICE_FAMILY = "1,2";
			};
			name = Debug;
		};
		E416E565238A89A4009A33C8 /* Release */ = {
			isa = XCBuildConfiguration;
			buildSettings = {
				ASSETCATALOG_COMPILER_APPICON_NAME = AppIcon;
				CODE_SIGN_STYLE = Automatic;
				DEVELOPMENT_TEAM = LY3CG77MY2;
				INFOPLIST_FILE = CoreDataHomeWork/Info.plist;
				LD_RUNPATH_SEARCH_PATHS = (
					"$(inherited)",
					"@executable_path/Frameworks",
				);
				PRODUCT_BUNDLE_IDENTIFIER = EShalaumov.CoreDataHomeWork;
				PRODUCT_NAME = "$(TARGET_NAME)";
				SWIFT_VERSION = 5.0;
				TARGETED_DEVICE_FAMILY = "1,2";
			};
			name = Release;
		};
/* End XCBuildConfiguration section */

/* Begin XCConfigurationList section */
		E416E54C238A89A1009A33C8 /* Build configuration list for PBXProject "CoreDataHomeWork" */ = {
			isa = XCConfigurationList;
			buildConfigurations = (
				E416E561238A89A4009A33C8 /* Debug */,
				E416E562238A89A4009A33C8 /* Release */,
			);
			defaultConfigurationIsVisible = 0;
			defaultConfigurationName = Release;
		};
		E416E563238A89A4009A33C8 /* Build configuration list for PBXNativeTarget "CoreDataHomeWork" */ = {
			isa = XCConfigurationList;
			buildConfigurations = (
				E416E564238A89A4009A33C8 /* Debug */,
				E416E565238A89A4009A33C8 /* Release */,
			);
			defaultConfigurationIsVisible = 0;
			defaultConfigurationName = Release;
		};
/* End XCConfigurationList section */

/* Begin XCVersionGroup section */
		E416E574238A93EB009A33C8 /* Model.xcdatamodeld */ = {
			isa = XCVersionGroup;
			children = (
				E416E575238A93EB009A33C8 /* Model.xcdatamodel */,
			);
			currentVersion = E416E575238A93EB009A33C8 /* Model.xcdatamodel */;
			path = Model.xcdatamodeld;
			sourceTree = "<group>";
			versionGroupType = wrapper.xcdatamodel;
		};
/* End XCVersionGroup section */
	};
	rootObject = E416E549238A89A1009A33C8 /* Project object */;
}
